Microsoft Visual Studio Solution File, Format Version 12.00
# Visual Studio 2012
Project("{FAE04EC0-301F-11D3-BF4B-00C04F79EFBC}") = "Invicem2D", "Invicem2D.csproj", "{DEF7140C-A9D5-492E-8356-520D43378040}"
EndProject
Global
	GlobalSection(SolutionConfigurationPlatforms) = preSolution
	Debug|Any CPU = Debug|Any CPU
	ExportDebug|Any CPU = ExportDebug|Any CPU
	ExportRelease|Any CPU = ExportRelease|Any CPU
	EndGlobalSection
	GlobalSection(ProjectConfigurationPlatforms) = postSolution
		{DEF7140C-A9D5-492E-8356-520D43378040}.Debug|Any CPU.ActiveCfg = Debug|Any CPU
		{DEF7140C-A9D5-492E-8356-520D43378040}.Debug|Any CPU.Build.0 = Debug|Any CPU
		{DEF7140C-A9D5-492E-8356-520D43378040}.ExportDebug|Any CPU.ActiveCfg = ExportDebug|Any CPU
		{DEF7140C-A9D5-492E-8356-520D43378040}.ExportDebug|Any CPU.Build.0 = ExportDebug|Any CPU
		{DEF7140C-A9D5-492E-8356-520D43378040}.ExportRelease|Any CPU.ActiveCfg = ExportRelease|Any CPU
		{DEF7140C-A9D5-492E-8356-520D43378040}.ExportRelease|Any CPU.Build.0 = ExportRelease|Any CPU
	EndGlobalSection
EndGlobal
